
Microsoft Visual Studio Solution File, Format Version 12.00
# Visual Studio Version 16
VisualStudioVersion = 16.0.31624.102
MinimumVisualStudioVersion = 10.0.40219.1
Project("{FAE04EC0-301F-11D3-BF4B-00C04F79EFBC}") = "Grade 1 pattern", "Grade 1 pattern\Grade 1 pattern.csproj", "{F05D4086-49C3-4C6F-B753-D004B69AD243}"
EndProject
Global
	GlobalSection(SolutionConfigurationPlatforms) = preSolution
		Debug|Any CPU = Debug|Any CPU
		Release|Any CPU = Release|Any CPU
	EndGlobalSection
	GlobalSection(ProjectConfigurationPlatforms) = postSolution
		{F05D4086-49C3-4C6F-B753-D004B69AD243}.Debug|Any CPU.ActiveCfg = Debug|Any CPU
		{F05D4086-49C3-4C6F-B753-D004B69AD243}.Debug|Any CPU.Build.0 = Debug|Any CPU
		{F05D4086-49C3-4C6F-B753-D004B69AD243}.Release|Any CPU.ActiveCfg = Release|Any CPU
		{F05D4086-49C3-4C6F-B753-D004B69AD243}.Release|Any CPU.Build.0 = Release|Any CPU
	EndGlobalSection
	GlobalSection(SolutionProperties) = preSolution
		HideSolutionNode = FALSE
	EndGlobalSection
	GlobalSection(ExtensibilityGlobals) = postSolution
		SolutionGuid = {1AD471FE-C8B4-47E1-89E1-69C46A84F3D5}
	EndGlobalSection
EndGlobal
